
Microsoft Visual Studio Solution File, Format Version 12.00
# Visual Studio Version 16
VisualStudioVersion = 16.0.30907.101
MinimumVisualStudioVersion = 10.0.40219.1
Project("{FAE04EC0-301F-11D3-BF4B-00C04F79EFBC}") = "testRepoGit", "testRepoGit\testRepoGit.csproj", "{66C88F73-1FBA-4558-89C3-FD06C4A061B7}"
EndProject
Global
	GlobalSection(SolutionConfigurationPlatforms) = preSolution
		Debug|Any CPU = Debug|Any CPU
		Release|Any CPU = Release|Any CPU
	EndGlobalSection
	GlobalSection(ProjectConfigurationPlatforms) = postSolution
		{66C88F73-1FBA-4558-89C3-FD06C4A061B7}.Debug|Any CPU.ActiveCfg = Debug|Any CPU
		{66C88F73-1FBA-4558-89C3-FD06C4A061B7}.Debug|Any CPU.Build.0 = Debug|Any CPU
		{66C88F73-1FBA-4558-89C3-FD06C4A061B7}.Release|Any CPU.ActiveCfg = Release|Any CPU
		{66C88F73-1FBA-4558-89C3-FD06C4A061B7}.Release|Any CPU.Build.0 = Release|Any CPU
	EndGlobalSection
	GlobalSection(SolutionProperties) = preSolution
		HideSolutionNode = FALSE
	EndGlobalSection
	GlobalSection(ExtensibilityGlobals) = postSolution
		SolutionGuid = {37E7778E-24BF-4760-9A3F-3FE1BBE4A2EB}
	EndGlobalSection
EndGlobal
